
Microsoft Visual Studio Solution File, Format Version 12.00
# Visual Studio Version 17
VisualStudioVersion = 17.11.35312.102
MinimumVisualStudioVersion = 10.0.40219.1
Project("{FAE04EC0-301F-11D3-BF4B-00C04F79EFBC}") = "MasterMind_PergolaLaurens", "MasterMind_PergolaLaurens\MasterMind_PergolaLaurens.csproj", "{0C5D1155-7248-403F-8225-DF5940BFDC71}"
EndProject
Global
	GlobalSection(SolutionConfigurationPlatforms) = preSolution
		Debug|Any CPU = Debug|Any CPU
		Release|Any CPU = Release|Any CPU
	EndGlobalSection
	GlobalSection(ProjectConfigurationPlatforms) = postSolution
		{0C5D1155-7248-403F-8225-DF5940BFDC71}.Debug|Any CPU.ActiveCfg = Debug|Any CPU
		{0C5D1155-7248-403F-8225-DF5940BFDC71}.Debug|Any CPU.Build.0 = Debug|Any CPU
		{0C5D1155-7248-403F-8225-DF5940BFDC71}.Release|Any CPU.ActiveCfg = Release|Any CPU
		{0C5D1155-7248-403F-8225-DF5940BFDC71}.Release|Any CPU.Build.0 = Release|Any CPU
	EndGlobalSection
	GlobalSection(SolutionProperties) = preSolution
		HideSolutionNode = FALSE
	EndGlobalSection
	GlobalSection(ExtensibilityGlobals) = postSolution
		SolutionGuid = {C14CE7D1-BC98-4E4C-88A1-B463A17DA77C}
	EndGlobalSection
EndGlobal
